
Microsoft Visual Studio Solution File, Format Version 12.00
# Visual Studio Version 17
VisualStudioVersion = 17.11.35312.102
MinimumVisualStudioVersion = 10.0.40219.1
Project("{9A19103F-16F7-4668-BE54-9A1E7A4F7556}") = "SilicaDB", "SilicaDB.csproj", "{48A44516-3C67-4919-9309-89176B1E2485}"
EndProject
Project("{9A19103F-16F7-4668-BE54-9A1E7A4F7556}") = "DeviceTestApp", "..\DeviceTestApp\DeviceTestApp.csproj", "{72B7DAF5-B55A-4D16-83C5-9A53BDFCF90D}"
EndProject
Project("{9A19103F-16F7-4668-BE54-9A1E7A4F7556}") = "EvictionCacheTest", "..\EvictionCacheTest\EvictionCacheTest.csproj", "{639A6D1E-B0B5-4A4F-BE47-E12E12B6D540}"
EndProject
Project("{9A19103F-16F7-4668-BE54-9A1E7A4F7556}") = "LogTester", "..\LogTester\LogTester.csproj", "{7076BF5D-F168-45EC-82D4-2CEC03E3A2A9}"
EndProject
Project("{9A19103F-16F7-4668-BE54-9A1E7A4F7556}") = "WalTestApp", "..\WalTestApp\WalTestApp.csproj", "{53FB47AD-5A45-4E5D-B8EC-534BB63BDAC3}"
EndProject
Project("{9A19103F-16F7-4668-BE54-9A1E7A4F7556}") = "RecoveryTestApp", "..\RecoveryTestApp\RecoveryTestApp.csproj", "{979EB84B-140A-40EC-9C11-2E42A9CC828B}"
EndProject
Project("{9A19103F-16F7-4668-BE54-9A1E7A4F7556}") = "CheckpointTestApp", "..\CheckpointTestApp\CheckpointTestApp.csproj", "{4D5EE26B-D4C9-4142-87BF-3DBF8503019E}"
EndProject
Project("{9A19103F-16F7-4668-BE54-9A1E7A4F7556}") = "DurabilityTestApp", "..\DurabilityTestApp\DurabilityTestApp.csproj", "{939E21D9-D067-4EA1-910B-5264499AC93A}"
EndProject
Project("{9A19103F-16F7-4668-BE54-9A1E7A4F7556}") = "BufferPoolTestApp", "..\BufferPoolTestApp\BufferPoolTestApp.csproj", "{56B5AA6D-9F56-4875-87E8-21253B5B8201}"
EndProject
Project("{9A19103F-16F7-4668-BE54-9A1E7A4F7556}") = "LockTestApp", "..\LockTestApp\LockTestApp.csproj", "{6468704A-9459-41EA-A862-46E65149D77A}"
EndProject
Project("{FAE04EC0-301F-11D3-BF4B-00C04F79EFBC}") = "TraceTestApp", "..\TraceTestApp\TraceTestApp.csproj", "{BB69E0B8-98B1-481A-B2DE-2EB050C1079D}"
EndProject
Global
	GlobalSection(SolutionConfigurationPlatforms) = preSolution
		Debug|Any CPU = Debug|Any CPU
		Release|Any CPU = Release|Any CPU
	EndGlobalSection
	GlobalSection(ProjectConfigurationPlatforms) = postSolution
		{48A44516-3C67-4919-9309-89176B1E2485}.Debug|Any CPU.ActiveCfg = Debug|Any CPU
		{48A44516-3C67-4919-9309-89176B1E2485}.Debug|Any CPU.Build.0 = Debug|Any CPU
		{48A44516-3C67-4919-9309-89176B1E2485}.Release|Any CPU.ActiveCfg = Release|Any CPU
		{48A44516-3C67-4919-9309-89176B1E2485}.Release|Any CPU.Build.0 = Release|Any CPU
		{72B7DAF5-B55A-4D16-83C5-9A53BDFCF90D}.Debug|Any CPU.ActiveCfg = Debug|Any CPU
		{72B7DAF5-B55A-4D16-83C5-9A53BDFCF90D}.Debug|Any CPU.Build.0 = Debug|Any CPU
		{72B7DAF5-B55A-4D16-83C5-9A53BDFCF90D}.Release|Any CPU.ActiveCfg = Release|Any CPU
		{72B7DAF5-B55A-4D16-83C5-9A53BDFCF90D}.Release|Any CPU.Build.0 = Release|Any CPU
		{639A6D1E-B0B5-4A4F-BE47-E12E12B6D540}.Debug|Any CPU.ActiveCfg = Debug|Any CPU
		{639A6D1E-B0B5-4A4F-BE47-E12E12B6D540}.Debug|Any CPU.Build.0 = Debug|Any CPU
		{639A6D1E-B0B5-4A4F-BE47-E12E12B6D540}.Release|Any CPU.ActiveCfg = Release|Any CPU
		{639A6D1E-B0B5-4A4F-BE47-E12E12B6D540}.Release|Any CPU.Build.0 = Release|Any CPU
		{7076BF5D-F168-45EC-82D4-2CEC03E3A2A9}.Debug|Any CPU.ActiveCfg = Debug|Any CPU
		{7076BF5D-F168-45EC-82D4-2CEC03E3A2A9}.Debug|Any CPU.Build.0 = Debug|Any CPU
		{7076BF5D-F168-45EC-82D4-2CEC03E3A2A9}.Release|Any CPU.ActiveCfg = Release|Any CPU
		{7076BF5D-F168-45EC-82D4-2CEC03E3A2A9}.Release|Any CPU.Build.0 = Release|Any CPU
		{53FB47AD-5A45-4E5D-B8EC-534BB63BDAC3}.Debug|Any CPU.ActiveCfg = Debug|Any CPU
		{53FB47AD-5A45-4E5D-B8EC-534BB63BDAC3}.Debug|Any CPU.Build.0 = Debug|Any CPU
		{53FB47AD-5A45-4E5D-B8EC-534BB63BDAC3}.Release|Any CPU.ActiveCfg = Release|Any CPU
		{53FB47AD-5A45-4E5D-B8EC-534BB63BDAC3}.Release|Any CPU.Build.0 = Release|Any CPU
		{979EB84B-140A-40EC-9C11-2E42A9CC828B}.Debug|Any CPU.ActiveCfg = Debug|Any CPU
		{979EB84B-140A-40EC-9C11-2E42A9CC828B}.Debug|Any CPU.Build.0 = Debug|Any CPU
		{979EB84B-140A-40EC-9C11-2E42A9CC828B}.Release|Any CPU.ActiveCfg = Release|Any CPU
		{979EB84B-140A-40EC-9C11-2E42A9CC828B}.Release|Any CPU.Build.0 = Release|Any CPU
		{4D5EE26B-D4C9-4142-87BF-3DBF8503019E}.Debug|Any CPU.ActiveCfg = Debug|Any CPU
		{4D5EE26B-D4C9-4142-87BF-3DBF8503019E}.Debug|Any CPU.Build.0 = Debug|Any CPU
		{4D5EE26B-D4C9-4142-87BF-3DBF8503019E}.Release|Any CPU.ActiveCfg = Release|Any CPU
		{4D5EE26B-D4C9-4142-87BF-3DBF8503019E}.Release|Any CPU.Build.0 = Release|Any CPU
		{939E21D9-D067-4EA1-910B-5264499AC93A}.Debug|Any CPU.ActiveCfg = Debug|Any CPU
		{939E21D9-D067-4EA1-910B-5264499AC93A}.Debug|Any CPU.Build.0 = Debug|Any CPU
		{939E21D9-D067-4EA1-910B-5264499AC93A}.Release|Any CPU.ActiveCfg = Release|Any CPU
		{939E21D9-D067-4EA1-910B-5264499AC93A}.Release|Any CPU.Build.0 = Release|Any CPU
		{56B5AA6D-9F56-4875-87E8-21253B5B8201}.Debug|Any CPU.ActiveCfg = Debug|Any CPU
		{56B5AA6D-9F56-4875-87E8-21253B5B8201}.Debug|Any CPU.Build.0 = Debug|Any CPU
		{56B5AA6D-9F56-4875-87E8-21253B5B8201}.Release|Any CPU.ActiveCfg = Release|Any CPU
		{56B5AA6D-9F56-4875-87E8-21253B5B8201}.Release|Any CPU.Build.0 = Release|Any CPU
		{6468704A-9459-41EA-A862-46E65149D77A}.Debug|Any CPU.ActiveCfg = Debug|Any CPU
		{6468704A-9459-41EA-A862-46E65149D77A}.Debug|Any CPU.Build.0 = Debug|Any CPU
		{6468704A-9459-41EA-A862-46E65149D77A}.Release|Any CPU.ActiveCfg = Release|Any CPU
		{6468704A-9459-41EA-A862-46E65149D77A}.Release|Any CPU.Build.0 = Release|Any CPU
		{BB69E0B8-98B1-481A-B2DE-2EB050C1079D}.Debug|Any CPU.ActiveCfg = Debug|Any CPU
		{BB69E0B8-98B1-481A-B2DE-2EB050C1079D}.Debug|Any CPU.Build.0 = Debug|Any CPU
		{BB69E0B8-98B1-481A-B2DE-2EB050C1079D}.Release|Any CPU.ActiveCfg = Release|Any CPU
		{BB69E0B8-98B1-481A-B2DE-2EB050C1079D}.Release|Any CPU.Build.0 = Release|Any CPU
	EndGlobalSection
	GlobalSection(SolutionProperties) = preSolution
		HideSolutionNode = FALSE
	EndGlobalSection
	GlobalSection(ExtensibilityGlobals) = postSolution
		SolutionGuid = {861A6AC1-D316-420E-86DD-C7F5AC31A07C}
	EndGlobalSection
EndGlobal
