
Microsoft Visual Studio Solution File, Format Version 12.00
# Visual Studio Version 17
VisualStudioVersion = 17.11.35312.102
MinimumVisualStudioVersion = 10.0.40219.1
Project("{9A19103F-16F7-4668-BE54-9A1E7A4F7556}") = "Silica.Common", "..\Silica.Common\Silica.Common\Silica.Common.csproj", "{F66300D6-ECCF-43CD-B466-861666FBBA84}"
EndProject
Project("{9A19103F-16F7-4668-BE54-9A1E7A4F7556}") = "Silica.Concurrency", "..\Silica.Concurrency\Silica.Concurrency\Silica.Concurrency.csproj", "{8FECD843-10AB-407E-85BD-FF8F6A056606}"
EndProject
Project("{9A19103F-16F7-4668-BE54-9A1E7A4F7556}") = "Silica.Evictions", "..\Silica.Evictions\Silica.Evictions\Silica.Evictions.csproj", "{6AAE43B7-E14B-4B14-AEBC-B7B883FB7F45}"
EndProject
Project("{9A19103F-16F7-4668-BE54-9A1E7A4F7556}") = "Silica.Durability", "..\Silica.Durability\Silica.Durability\Silica.Durability.csproj", "{6FFE13F7-3ED3-42B2-80FC-53C467039C1D}"
EndProject
Project("{9A19103F-16F7-4668-BE54-9A1E7A4F7556}") = "Silica.Logging", "..\Silica.Logging\Silica.Logging\Silica.Logging.csproj", "{7653CC84-DC00-4E7A-877A-777087289C8A}"
EndProject
Project("{9A19103F-16F7-4668-BE54-9A1E7A4F7556}") = "Silica.BufferPool", "..\Silica.BufferPool\Silica.BufferPool\Silica.BufferPool.csproj", "{4E3F295C-A536-47EB-BA99-E1239278CC5F}"
EndProject
Project("{9A19103F-16F7-4668-BE54-9A1E7A4F7556}") = "SilicaDB", "SilicaDB.csproj", "{F411DAEE-3D14-47E5-AEE6-E5667353B1E7}"
EndProject
Project("{9A19103F-16F7-4668-BE54-9A1E7A4F7556}") = "Silica.Storage", "..\Silica.Storage\Silica.Storage\Silica.Storage.csproj", "{D77AAACA-F4E3-4A22-9D20-800543164F27}"
EndProject
Project("{9A19103F-16F7-4668-BE54-9A1E7A4F7556}") = "Silica.DiagnosticsCore", "..\Silica.DiagnosticsCore\Silica.DiagnosticsCore\Silica.DiagnosticsCore.csproj", "{353C6282-9E0E-4EAF-940A-798CB790871C}"
EndProject
Project("{9A19103F-16F7-4668-BE54-9A1E7A4F7556}") = "DiagnosticsCoreTestApp", "..\DiagnosticsCoreTestApp\DiagnosticsCoreTestApp\DiagnosticsCoreTestApp.csproj", "{67C1AD42-B205-43A2-9D21-82921E3D3C5F}"
EndProject
Project("{9A19103F-16F7-4668-BE54-9A1E7A4F7556}") = "Test.App", "..\test.app\Test.App\Test.App.csproj", "{260D0B21-B6A4-429F-8E11-95CF779542FE}"
EndProject
Project("{FAE04EC0-301F-11D3-BF4B-00C04F79EFBC}") = "Silica.PageAccess", "..\Silica.PageAccess\Silica.PageAccess\Silica.PageAccess.csproj", "{CD00CCCA-BBA0-4EAA-8FB9-DADD3F3FE478}"
EndProject
Global
	GlobalSection(SolutionConfigurationPlatforms) = preSolution
		Debug|Any CPU = Debug|Any CPU
		Release|Any CPU = Release|Any CPU
	EndGlobalSection
	GlobalSection(ProjectConfigurationPlatforms) = postSolution
		{F66300D6-ECCF-43CD-B466-861666FBBA84}.Debug|Any CPU.ActiveCfg = Debug|Any CPU
		{F66300D6-ECCF-43CD-B466-861666FBBA84}.Debug|Any CPU.Build.0 = Debug|Any CPU
		{F66300D6-ECCF-43CD-B466-861666FBBA84}.Release|Any CPU.ActiveCfg = Release|Any CPU
		{F66300D6-ECCF-43CD-B466-861666FBBA84}.Release|Any CPU.Build.0 = Release|Any CPU
		{8FECD843-10AB-407E-85BD-FF8F6A056606}.Debug|Any CPU.ActiveCfg = Debug|Any CPU
		{8FECD843-10AB-407E-85BD-FF8F6A056606}.Debug|Any CPU.Build.0 = Debug|Any CPU
		{8FECD843-10AB-407E-85BD-FF8F6A056606}.Release|Any CPU.ActiveCfg = Release|Any CPU
		{8FECD843-10AB-407E-85BD-FF8F6A056606}.Release|Any CPU.Build.0 = Release|Any CPU
		{6AAE43B7-E14B-4B14-AEBC-B7B883FB7F45}.Debug|Any CPU.ActiveCfg = Debug|Any CPU
		{6AAE43B7-E14B-4B14-AEBC-B7B883FB7F45}.Debug|Any CPU.Build.0 = Debug|Any CPU
		{6AAE43B7-E14B-4B14-AEBC-B7B883FB7F45}.Release|Any CPU.ActiveCfg = Release|Any CPU
		{6AAE43B7-E14B-4B14-AEBC-B7B883FB7F45}.Release|Any CPU.Build.0 = Release|Any CPU
		{6FFE13F7-3ED3-42B2-80FC-53C467039C1D}.Debug|Any CPU.ActiveCfg = Debug|Any CPU
		{6FFE13F7-3ED3-42B2-80FC-53C467039C1D}.Debug|Any CPU.Build.0 = Debug|Any CPU
		{6FFE13F7-3ED3-42B2-80FC-53C467039C1D}.Release|Any CPU.ActiveCfg = Release|Any CPU
		{6FFE13F7-3ED3-42B2-80FC-53C467039C1D}.Release|Any CPU.Build.0 = Release|Any CPU
		{7653CC84-DC00-4E7A-877A-777087289C8A}.Debug|Any CPU.ActiveCfg = Debug|Any CPU
		{7653CC84-DC00-4E7A-877A-777087289C8A}.Debug|Any CPU.Build.0 = Debug|Any CPU
		{7653CC84-DC00-4E7A-877A-777087289C8A}.Release|Any CPU.ActiveCfg = Release|Any CPU
		{7653CC84-DC00-4E7A-877A-777087289C8A}.Release|Any CPU.Build.0 = Release|Any CPU
		{4E3F295C-A536-47EB-BA99-E1239278CC5F}.Debug|Any CPU.ActiveCfg = Debug|Any CPU
		{4E3F295C-A536-47EB-BA99-E1239278CC5F}.Debug|Any CPU.Build.0 = Debug|Any CPU
		{4E3F295C-A536-47EB-BA99-E1239278CC5F}.Release|Any CPU.ActiveCfg = Release|Any CPU
		{4E3F295C-A536-47EB-BA99-E1239278CC5F}.Release|Any CPU.Build.0 = Release|Any CPU
		{F411DAEE-3D14-47E5-AEE6-E5667353B1E7}.Debug|Any CPU.ActiveCfg = Debug|Any CPU
		{F411DAEE-3D14-47E5-AEE6-E5667353B1E7}.Debug|Any CPU.Build.0 = Debug|Any CPU
		{F411DAEE-3D14-47E5-AEE6-E5667353B1E7}.Release|Any CPU.ActiveCfg = Release|Any CPU
		{F411DAEE-3D14-47E5-AEE6-E5667353B1E7}.Release|Any CPU.Build.0 = Release|Any CPU
		{D77AAACA-F4E3-4A22-9D20-800543164F27}.Debug|Any CPU.ActiveCfg = Debug|Any CPU
		{D77AAACA-F4E3-4A22-9D20-800543164F27}.Debug|Any CPU.Build.0 = Debug|Any CPU
		{D77AAACA-F4E3-4A22-9D20-800543164F27}.Release|Any CPU.ActiveCfg = Release|Any CPU
		{D77AAACA-F4E3-4A22-9D20-800543164F27}.Release|Any CPU.Build.0 = Release|Any CPU
		{353C6282-9E0E-4EAF-940A-798CB790871C}.Debug|Any CPU.ActiveCfg = Debug|Any CPU
		{353C6282-9E0E-4EAF-940A-798CB790871C}.Debug|Any CPU.Build.0 = Debug|Any CPU
		{353C6282-9E0E-4EAF-940A-798CB790871C}.Release|Any CPU.ActiveCfg = Release|Any CPU
		{353C6282-9E0E-4EAF-940A-798CB790871C}.Release|Any CPU.Build.0 = Release|Any CPU
		{67C1AD42-B205-43A2-9D21-82921E3D3C5F}.Debug|Any CPU.ActiveCfg = Debug|Any CPU
		{67C1AD42-B205-43A2-9D21-82921E3D3C5F}.Debug|Any CPU.Build.0 = Debug|Any CPU
		{67C1AD42-B205-43A2-9D21-82921E3D3C5F}.Release|Any CPU.ActiveCfg = Release|Any CPU
		{67C1AD42-B205-43A2-9D21-82921E3D3C5F}.Release|Any CPU.Build.0 = Release|Any CPU
		{260D0B21-B6A4-429F-8E11-95CF779542FE}.Debug|Any CPU.ActiveCfg = Debug|Any CPU
		{260D0B21-B6A4-429F-8E11-95CF779542FE}.Debug|Any CPU.Build.0 = Debug|Any CPU
		{260D0B21-B6A4-429F-8E11-95CF779542FE}.Release|Any CPU.ActiveCfg = Release|Any CPU
		{260D0B21-B6A4-429F-8E11-95CF779542FE}.Release|Any CPU.Build.0 = Release|Any CPU
		{CD00CCCA-BBA0-4EAA-8FB9-DADD3F3FE478}.Debug|Any CPU.ActiveCfg = Debug|Any CPU
		{CD00CCCA-BBA0-4EAA-8FB9-DADD3F3FE478}.Debug|Any CPU.Build.0 = Debug|Any CPU
		{CD00CCCA-BBA0-4EAA-8FB9-DADD3F3FE478}.Release|Any CPU.ActiveCfg = Release|Any CPU
		{CD00CCCA-BBA0-4EAA-8FB9-DADD3F3FE478}.Release|Any CPU.Build.0 = Release|Any CPU
	EndGlobalSection
	GlobalSection(SolutionProperties) = preSolution
		HideSolutionNode = FALSE
	EndGlobalSection
	GlobalSection(ExtensibilityGlobals) = postSolution
		SolutionGuid = {861A6AC1-D316-420E-86DD-C7F5AC31A07C}
	EndGlobalSection
EndGlobal
