
Microsoft Visual Studio Solution File, Format Version 12.00
# Visual Studio Version 17
VisualStudioVersion = 17.11.35312.102
MinimumVisualStudioVersion = 10.0.40219.1
Project("{9A19103F-16F7-4668-BE54-9A1E7A4F7556}") = "SilicaDB", "SilicaDB.csproj", "{48A44516-3C67-4919-9309-89176B1E2485}"
EndProject
Project("{FAE04EC0-301F-11D3-BF4B-00C04F79EFBC}") = "DeviceTestApp", "..\DeviceTestApp\DeviceTestApp.csproj", "{72B7DAF5-B55A-4D16-83C5-9A53BDFCF90D}"
EndProject
Global
	GlobalSection(SolutionConfigurationPlatforms) = preSolution
		Debug|Any CPU = Debug|Any CPU
		Release|Any CPU = Release|Any CPU
	EndGlobalSection
	GlobalSection(ProjectConfigurationPlatforms) = postSolution
		{48A44516-3C67-4919-9309-89176B1E2485}.Debug|Any CPU.ActiveCfg = Debug|Any CPU
		{48A44516-3C67-4919-9309-89176B1E2485}.Debug|Any CPU.Build.0 = Debug|Any CPU
		{48A44516-3C67-4919-9309-89176B1E2485}.Release|Any CPU.ActiveCfg = Release|Any CPU
		{48A44516-3C67-4919-9309-89176B1E2485}.Release|Any CPU.Build.0 = Release|Any CPU
		{72B7DAF5-B55A-4D16-83C5-9A53BDFCF90D}.Debug|Any CPU.ActiveCfg = Debug|Any CPU
		{72B7DAF5-B55A-4D16-83C5-9A53BDFCF90D}.Debug|Any CPU.Build.0 = Debug|Any CPU
		{72B7DAF5-B55A-4D16-83C5-9A53BDFCF90D}.Release|Any CPU.ActiveCfg = Release|Any CPU
		{72B7DAF5-B55A-4D16-83C5-9A53BDFCF90D}.Release|Any CPU.Build.0 = Release|Any CPU
	EndGlobalSection
	GlobalSection(SolutionProperties) = preSolution
		HideSolutionNode = FALSE
	EndGlobalSection
	GlobalSection(ExtensibilityGlobals) = postSolution
		SolutionGuid = {861A6AC1-D316-420E-86DD-C7F5AC31A07C}
	EndGlobalSection
EndGlobal
